
Microsoft Visual Studio Solution File, Format Version 12.00
# Visual Studio Version 17
VisualStudioVersion = 17.6.33829.357
MinimumVisualStudioVersion = 10.0.40219.1
Project("{FAE04EC0-301F-11D3-BF4B-00C04F79EFBC}") = "registroalumnos", "registroalumnos.csproj", "{95D8C90C-C99E-4FE6-BC18-F2A00FC5BCA2}"
EndProject
Project("{FAE04EC0-301F-11D3-BF4B-00C04F79EFBC}") = "Capa_Datos", "..\Capa_Datos\Capa_Datos.csproj", "{F7E8CFA4-D115-472D-B1F3-191A29F3E21B}"
EndProject
Project("{FAE04EC0-301F-11D3-BF4B-00C04F79EFBC}") = "Capa_Entidad", "..\Capa_Entidad\Capa_Entidad.csproj", "{515634BD-25EF-4896-ADEF-DE811A11DC84}"
EndProject
Project("{FAE04EC0-301F-11D3-BF4B-00C04F79EFBC}") = "Capa_Negocio", "..\Capa_Negocio\Capa_Negocio.csproj", "{39DAFCC6-E842-4024-8ECD-EC21DB4F2111}"
EndProject
Global
	GlobalSection(SolutionConfigurationPlatforms) = preSolution
		Debug|Any CPU = Debug|Any CPU
		Release|Any CPU = Release|Any CPU
	EndGlobalSection
	GlobalSection(ProjectConfigurationPlatforms) = postSolution
		{95D8C90C-C99E-4FE6-BC18-F2A00FC5BCA2}.Debug|Any CPU.ActiveCfg = Debug|Any CPU
		{95D8C90C-C99E-4FE6-BC18-F2A00FC5BCA2}.Debug|Any CPU.Build.0 = Debug|Any CPU
		{95D8C90C-C99E-4FE6-BC18-F2A00FC5BCA2}.Release|Any CPU.ActiveCfg = Release|Any CPU
		{95D8C90C-C99E-4FE6-BC18-F2A00FC5BCA2}.Release|Any CPU.Build.0 = Release|Any CPU
		{F7E8CFA4-D115-472D-B1F3-191A29F3E21B}.Debug|Any CPU.ActiveCfg = Debug|Any CPU
		{F7E8CFA4-D115-472D-B1F3-191A29F3E21B}.Debug|Any CPU.Build.0 = Debug|Any CPU
		{F7E8CFA4-D115-472D-B1F3-191A29F3E21B}.Release|Any CPU.ActiveCfg = Release|Any CPU
		{F7E8CFA4-D115-472D-B1F3-191A29F3E21B}.Release|Any CPU.Build.0 = Release|Any CPU
		{515634BD-25EF-4896-ADEF-DE811A11DC84}.Debug|Any CPU.ActiveCfg = Debug|Any CPU
		{515634BD-25EF-4896-ADEF-DE811A11DC84}.Debug|Any CPU.Build.0 = Debug|Any CPU
		{515634BD-25EF-4896-ADEF-DE811A11DC84}.Release|Any CPU.ActiveCfg = Release|Any CPU
		{515634BD-25EF-4896-ADEF-DE811A11DC84}.Release|Any CPU.Build.0 = Release|Any CPU
		{39DAFCC6-E842-4024-8ECD-EC21DB4F2111}.Debug|Any CPU.ActiveCfg = Debug|Any CPU
		{39DAFCC6-E842-4024-8ECD-EC21DB4F2111}.Debug|Any CPU.Build.0 = Debug|Any CPU
		{39DAFCC6-E842-4024-8ECD-EC21DB4F2111}.Release|Any CPU.ActiveCfg = Release|Any CPU
		{39DAFCC6-E842-4024-8ECD-EC21DB4F2111}.Release|Any CPU.Build.0 = Release|Any CPU
	EndGlobalSection
	GlobalSection(SolutionProperties) = preSolution
		HideSolutionNode = FALSE
	EndGlobalSection
	GlobalSection(ExtensibilityGlobals) = postSolution
		SolutionGuid = {BF60B002-0156-4797-8B92-80BADB408F2D}
	EndGlobalSection
EndGlobal
